
Microsoft Visual Studio Solution File, Format Version 12.00
# Visual Studio Version 17
VisualStudioVersion = 17.9.34728.123
MinimumVisualStudioVersion = 10.0.40219.1
Project("{9A19103F-16F7-4668-BE54-9A1E7A4F7556}") = "JewelrySalesStoreData", "JewelrySalesStoreData\JewelrySalesStoreData.csproj", "{0E7B3921-D4C3-4340-AB82-EDCB4B030DA7}"
EndProject
Project("{9A19103F-16F7-4668-BE54-9A1E7A4F7556}") = "JewelrySalesStoreBusiness", "JewelrySalesStoreBusiness\JewelrySalesStoreBusiness.csproj", "{E483F758-B4E4-4365-BE12-536FEE82BCDD}"
EndProject
Project("{9A19103F-16F7-4668-BE54-9A1E7A4F7556}") = "JewelrySalesStoreWebApp", "JewelrySalesStoreWebApp\JewelrySalesStoreWebApp.csproj", "{1B927A62-87E1-4606-946C-7230D654DB80}"
EndProject
Project("{9A19103F-16F7-4668-BE54-9A1E7A4F7556}") = "JewelrySalesStoreRazorWebApp", "JewelrySalesStoreRazorWebApp\JewelrySalesStoreRazorWebApp.csproj", "{320BDF77-AB40-4117-A412-739571FC2480}"
EndProject
Project("{9A19103F-16F7-4668-BE54-9A1E7A4F7556}") = "JewelrySalesStoreConsoleApp", "JewelrySalesStoreConsoleApp\JewelrySalesStoreConsoleApp.csproj", "{122FD037-48A7-4FF9-9801-163854C14D69}"
EndProject
Project("{9A19103F-16F7-4668-BE54-9A1E7A4F7556}") = "JewelrySalesStoreCommon", "JewelrySalesStoreCommon\JewelrySalesStoreCommon.csproj", "{771A7144-1C45-418B-996B-F6092AEC0F38}"
EndProject
Project("{FAE04EC0-301F-11D3-BF4B-00C04F79EFBC}") = "JewelrySalesStoreWPFApp", "JewelrySalesStoreWPFApp\JewelrySalesStoreWPFApp.csproj", "{7DBC6BD9-994F-4F09-A929-33BF4B38E74B}"
EndProject
Global
	GlobalSection(SolutionConfigurationPlatforms) = preSolution
		Debug|Any CPU = Debug|Any CPU
		Release|Any CPU = Release|Any CPU
	EndGlobalSection
	GlobalSection(ProjectConfigurationPlatforms) = postSolution
		{0E7B3921-D4C3-4340-AB82-EDCB4B030DA7}.Debug|Any CPU.ActiveCfg = Debug|Any CPU
		{0E7B3921-D4C3-4340-AB82-EDCB4B030DA7}.Debug|Any CPU.Build.0 = Debug|Any CPU
		{0E7B3921-D4C3-4340-AB82-EDCB4B030DA7}.Release|Any CPU.ActiveCfg = Release|Any CPU
		{0E7B3921-D4C3-4340-AB82-EDCB4B030DA7}.Release|Any CPU.Build.0 = Release|Any CPU
		{E483F758-B4E4-4365-BE12-536FEE82BCDD}.Debug|Any CPU.ActiveCfg = Debug|Any CPU
		{E483F758-B4E4-4365-BE12-536FEE82BCDD}.Debug|Any CPU.Build.0 = Debug|Any CPU
		{E483F758-B4E4-4365-BE12-536FEE82BCDD}.Release|Any CPU.ActiveCfg = Release|Any CPU
		{E483F758-B4E4-4365-BE12-536FEE82BCDD}.Release|Any CPU.Build.0 = Release|Any CPU
		{1B927A62-87E1-4606-946C-7230D654DB80}.Debug|Any CPU.ActiveCfg = Debug|Any CPU
		{1B927A62-87E1-4606-946C-7230D654DB80}.Debug|Any CPU.Build.0 = Debug|Any CPU
		{1B927A62-87E1-4606-946C-7230D654DB80}.Release|Any CPU.ActiveCfg = Release|Any CPU
		{1B927A62-87E1-4606-946C-7230D654DB80}.Release|Any CPU.Build.0 = Release|Any CPU
		{320BDF77-AB40-4117-A412-739571FC2480}.Debug|Any CPU.ActiveCfg = Debug|Any CPU
		{320BDF77-AB40-4117-A412-739571FC2480}.Debug|Any CPU.Build.0 = Debug|Any CPU
		{320BDF77-AB40-4117-A412-739571FC2480}.Release|Any CPU.ActiveCfg = Release|Any CPU
		{320BDF77-AB40-4117-A412-739571FC2480}.Release|Any CPU.Build.0 = Release|Any CPU
		{122FD037-48A7-4FF9-9801-163854C14D69}.Debug|Any CPU.ActiveCfg = Debug|Any CPU
		{122FD037-48A7-4FF9-9801-163854C14D69}.Debug|Any CPU.Build.0 = Debug|Any CPU
		{122FD037-48A7-4FF9-9801-163854C14D69}.Release|Any CPU.ActiveCfg = Release|Any CPU
		{122FD037-48A7-4FF9-9801-163854C14D69}.Release|Any CPU.Build.0 = Release|Any CPU
		{771A7144-1C45-418B-996B-F6092AEC0F38}.Debug|Any CPU.ActiveCfg = Debug|Any CPU
		{771A7144-1C45-418B-996B-F6092AEC0F38}.Debug|Any CPU.Build.0 = Debug|Any CPU
		{771A7144-1C45-418B-996B-F6092AEC0F38}.Release|Any CPU.ActiveCfg = Release|Any CPU
		{771A7144-1C45-418B-996B-F6092AEC0F38}.Release|Any CPU.Build.0 = Release|Any CPU
		{7DBC6BD9-994F-4F09-A929-33BF4B38E74B}.Debug|Any CPU.ActiveCfg = Debug|Any CPU
		{7DBC6BD9-994F-4F09-A929-33BF4B38E74B}.Debug|Any CPU.Build.0 = Debug|Any CPU
		{7DBC6BD9-994F-4F09-A929-33BF4B38E74B}.Release|Any CPU.ActiveCfg = Release|Any CPU
		{7DBC6BD9-994F-4F09-A929-33BF4B38E74B}.Release|Any CPU.Build.0 = Release|Any CPU
	EndGlobalSection
	GlobalSection(SolutionProperties) = preSolution
		HideSolutionNode = FALSE
	EndGlobalSection
	GlobalSection(ExtensibilityGlobals) = postSolution
		SolutionGuid = {93AA8578-77CD-4157-B431-7CDB4C35A413}
	EndGlobalSection
EndGlobal
